<?xml version="1.0" encoding="utf-8"?>
<Project ToolsVersion="4.0" xmlns="http://schemas.microsoft.com/developer/msbuild/2003">
  <ItemGroup>
    <Filter Include="소스 파일">
      <UniqueIdentifier>{4FC737F1-C7A5-4376-A066-2A32D752A2FF}</UniqueIdentifier>
      <Extensions>cpp;c;cc;cxx;def;odl;idl;hpj;bat;asm;asmx</Extensions>
    </Filter>
    <Filter Include="헤더 파일">
      <UniqueIdentifier>{93995380-89BD-4b04-88EB-625FBE52EBFB}</UniqueIdentifier>
      <Extensions>h;hpp;hxx;hm;inl;inc;xsd</Extensions>
    </Filter>
    <Filter Include="리소스 파일">
      <UniqueIdentifier>{67DA6AB6-F800-4c08-8B7A-83BB121AAD01}</UniqueIdentifier>
      <Extensions>rc;ico;cur;bmp;dlg;rc2;rct;bin;rgs;gif;jpg;jpeg;jpe;resx;tiff;tif;png;wav</Extensions>
    </Filter>
  </ItemGroup>
  <ItemGroup>
    <ClCompile Include="GCar.cpp">
      <Filter>소스 파일</Filter>
    </ClCompile>
    <ClCompile Include="GSkyBox.cpp">
      <Filter>소스 파일</Filter>
    </ClCompile>
    <ClCompile Include="GuridMain.cpp">
      <Filter>소스 파일</Filter>
    </ClCompile>
    <ClCompile Include="GGuridCamera.cpp">
      <Filter>소스 파일</Filter>
    </ClCompile>
    <ClCompile Include="GShell.cpp">
      <Filter>소스 파일</Filter>
    </ClCompile>
    <ClCompile Include="GShellManager.cpp">
      <Filter>소스 파일</Filter>
    </ClCompile>
    <ClCompile Include="GBoundingBoxOBB.cpp">
      <Filter>소스 파일</Filter>
    </ClCompile>
    <ClCompile Include="GCarManager.cpp">
      <Filter>소스 파일</Filter>
    </ClCompile>
    <ClCompile Include="GSound.cpp">
      <Filter>소스 파일</Filter>
    </ClCompile>
    <ClCompile Include="GWaveManager.cpp">
      <Filter>소스 파일</Filter>
    </ClCompile>
    <ClCompile Include="GGameSingle.cpp">
      <Filter>소스 파일</Filter>
    </ClCompile>
    <ClCompile Include="GGameMulti.cpp">
      <Filter>소스 파일</Filter>
    </ClCompile>
    <ClCompile Include="GGameMenu.cpp">
      <Filter>소스 파일</Filter>
    </ClCompile>
    <ClCompile Include="GGameHowto.cpp">
      <Filter>소스 파일</Filter>
    </ClCompile>
    <ClCompile Include="GGameCredit.cpp">
      <Filter>소스 파일</Filter>
    </ClCompile>
    <ClCompile Include="GGameEnd.cpp">
      <Filter>소스 파일</Filter>
    </ClCompile>
    <ClCompile Include="GImeUI.cpp">
      <Filter>소스 파일</Filter>
    </ClCompile>
    <ClCompile Include="GPlaneRect.cpp">
      <Filter>소스 파일</Filter>
    </ClCompile>
  </ItemGroup>
  <ItemGroup>
    <ClInclude Include="GCar.h">
      <Filter>헤더 파일</Filter>
    </ClInclude>
    <ClInclude Include="GSkyBox.h">
      <Filter>헤더 파일</Filter>
    </ClInclude>
    <ClInclude Include="_StdAfx.h">
      <Filter>헤더 파일</Filter>
    </ClInclude>
    <ClInclude Include="GuridMain.h">
      <Filter>헤더 파일</Filter>
    </ClInclude>
    <ClInclude Include="GGuridCamera.h">
      <Filter>헤더 파일</Filter>
    </ClInclude>
    <ClInclude Include="GShell.h">
      <Filter>헤더 파일</Filter>
    </ClInclude>
    <ClInclude Include="GShellManager.h">
      <Filter>헤더 파일</Filter>
    </ClInclude>
    <ClInclude Include="GBoundingBoxOBB.hpp">
      <Filter>헤더 파일</Filter>
    </ClInclude>
    <ClInclude Include="GCarManager.h">
      <Filter>헤더 파일</Filter>
    </ClInclude>
    <ClInclude Include="GSound.h">
      <Filter>헤더 파일</Filter>
    </ClInclude>
    <ClInclude Include="GWaveManager.h">
      <Filter>헤더 파일</Filter>
    </ClInclude>
    <ClInclude Include="GGameSingle.h">
      <Filter>헤더 파일</Filter>
    </ClInclude>
    <ClInclude Include="GGameMulti.h">
      <Filter>헤더 파일</Filter>
    </ClInclude>
    <ClInclude Include="GGameMenu.h">
      <Filter>헤더 파일</Filter>
    </ClInclude>
    <ClInclude Include="GGameHowto.h">
      <Filter>헤더 파일</Filter>
    </ClInclude>
    <ClInclude Include="GGameCredit.h">
      <Filter>헤더 파일</Filter>
    </ClInclude>
    <ClInclude Include="GGameEnd.h">
      <Filter>헤더 파일</Filter>
    </ClInclude>
    <ClInclude Include="GImeUI.h">
      <Filter>헤더 파일</Filter>
    </ClInclude>
    <ClInclude Include="GPlaneRect.h">
      <Filter>헤더 파일</Filter>
    </ClInclude>
  </ItemGroup>
</Project>